PODS:
  - M13Checkbox (3.4.0)
  - XmlToXibRuntime (0.1.0)

DEPENDENCIES:
  - M13Checkbox
  - XmlToXibRuntime (from `../XmlToXibRuntime.podspec`)

SPEC REPOS:
  trunk:
    - M13Checkbox

EXTERNAL SOURCES:
  XmlToXibRuntime:
    :path: "../XmlToXibRuntime.podspec"

SPEC CHECKSUMS:
  M13Checkbox: 6f59404540ac98ba83a3d1afac335895a40c6a5d
  XmlToXibRuntime: 3903df1536dc0bde09b39d2d1d52e8f4cbc8dc42

PODFILE CHECKSUM: f5307cd3224554d9090960108b8037a3fb16f93f

COCOAPODS: 1.11.2
