PODS:
  - XmlToXibRuntime (0.1.0)

DEPENDENCIES:
  - XmlToXibRuntime (from `../XmlToXibRuntime.podspec`)

EXTERNAL SOURCES:
  XmlToXibRuntime:
    :path: "../XmlToXibRuntime.podspec"

SPEC CHECKSUMS:
  XmlToXibRuntime: 3903df1536dc0bde09b39d2d1d52e8f4cbc8dc42

PODFILE CHECKSUM: 6cfef1b2b749e57bb2e3686456312018ee8e9b80

COCOAPODS: 1.10.1
